// !$*UTF8*$!
{
	archiveVersion = 1;
	classes = {
	};
	objectVersion = 50;
	objects = {

/* Begin PBXBuildFile section */
		9A098D9F26CDC20200DE93D0 /* fff.dylib in Frameworks */ = {isa = PBXBuildFile; fileRef = 9A098D9E26CDC20200DE93D0 /* fff.dylib */; };
		9A098DA026CDC21E00DE93D0 /* fff.dylib in Embed Libraries */ = {isa = PBXBuildFile; fileRef = 9A098D9E26CDC20200DE93D0 /* fff.dylib */; settings = {ATTRIBUTES = (CodeSignOnCopy, ); }; };
		9A098DA526CE2E0100DE93D0 /* gobridge in Resources */ = {isa = PBXBuildFile; fileRef = 9A098DA426CE2E0100DE93D0 /* gobridge */; };
		9A289E3526CCE02700FDECD8 /* c.m in Sources */ = {isa = PBXBuildFile; fileRef = 9A289E3326CCE02700FDECD8 /* c.m */; };
		9A289E3926CCE07F00FDECD8 /* app.m in Sources */ = {isa = PBXBuildFile; fileRef = 9A289E3826CCE07F00FDECD8 /* app.m */; };
		9AB3453926CA6905008B5DB2 /* wnd.m in Sources */ = {isa = PBXBuildFile; fileRef = 9AB3453826CA6905008B5DB2 /* wnd.m */; };
		9AB3453C26CA9E9F008B5DB2 /* vc.m in Sources */ = {isa = PBXBuildFile; fileRef = 9AB3453B26CA9E9F008B5DB2 /* vc.m */; };
		9AB3453F26CA9F79008B5DB2 /* view.m in Sources */ = {isa = PBXBuildFile; fileRef = 9AB3453E26CA9F79008B5DB2 /* view.m */; };
		9AC8756B26C919D400A99070 /* Assets.xcassets in Resources */ = {isa = PBXBuildFile; fileRef = 9AC8756A26C919D400A99070 /* Assets.xcassets */; };
		9AC8756E26C919D400A99070 /* MainMenu.xib in Resources */ = {isa = PBXBuildFile; fileRef = 9AC8756C26C919D400A99070 /* MainMenu.xib */; };
		9AC8757126C919D400A99070 /* main.m in Sources */ = {isa = PBXBuildFile; fileRef = 9AC8757026C919D400A99070 /* main.m */; };
		9AC8757C26C919D400A99070 /* launcherTests.m in Sources */ = {isa = PBXBuildFile; fileRef = 9AC8757B26C919D400A99070 /* launcherTests.m */; };
		9AC8758726C919D400A99070 /* launcherUITests.m in Sources */ = {isa = PBXBuildFile; fileRef = 9AC8758626C919D400A99070 /* launcherUITests.m */; };
/* End PBXBuildFile section */

/* Begin PBXContainerItemProxy section */
		9A098D9326CD517D00DE93D0 /* PBXContainerItemProxy */ = {
			isa = PBXContainerItemProxy;
			containerPortal = 9A098D8E26CD517B00DE93D0 /* gogogo.xcodeproj */;
			proxyType = 2;
			remoteGlobalIDString = 9A098D7426CD517B00DE93D0;
			remoteInfo = gogogo;
		};
		9A098D9526CD517D00DE93D0 /* PBXContainerItemProxy */ = {
			isa = PBXContainerItemProxy;
			containerPortal = 9A098D8E26CD517B00DE93D0 /* gogogo.xcodeproj */;
			proxyType = 2;
			remoteGlobalIDString = 9A098D7D26CD517B00DE93D0;
			remoteInfo = gogogoTests;
		};
		9AC8757826C919D400A99070 /* PBXContainerItemProxy */ = {
			isa = PBXContainerItemProxy;
			containerPortal = 9AC8755C26C919CB00A99070 /* Project object */;
			proxyType = 1;
			remoteGlobalIDString = 9AC8756326C919CB00A99070;
			remoteInfo = launcher;
		};
		9AC8758326C919D400A99070 /* PBXContainerItemProxy */ = {
			isa = PBXContainerItemProxy;
			containerPortal = 9AC8755C26C919CB00A99070 /* Project object */;
			proxyType = 1;
			remoteGlobalIDString = 9AC8756326C919CB00A99070;
			remoteInfo = launcher;
		};
/* End PBXContainerItemProxy section */

/* Begin PBXCopyFilesBuildPhase section */
		9A098D6826CD4C7000DE93D0 /* Embed Libraries */ = {
			isa = PBXCopyFilesBuildPhase;
			buildActionMask = 12;
			dstPath = "";
			dstSubfolderSpec = 16;
			files = (
				9A098DA026CDC21E00DE93D0 /* fff.dylib in Embed Libraries */,
			);
			name = "Embed Libraries";
			runOnlyForDeploymentPostprocessing = 0;
		};
/* End PBXCopyFilesBuildPhase section */

/* Begin PBXFileReference section */
		9A098D8E26CD517B00DE93D0 /* gogogo.xcodeproj */ = {isa = PBXFileReference; lastKnownFileType = "wrapper.pb-project"; name = gogogo.xcodeproj; path = gogogo/gogogo.xcodeproj; sourceTree = "<group>"; };
		9A098D9E26CDC20200DE93D0 /* fff.dylib */ = {isa = PBXFileReference; lastKnownFileType = "compiled.mach-o.dylib"; name = fff.dylib; path = launcher/fff.dylib; sourceTree = "<group>"; };
		9A098DA426CE2E0100DE93D0 /* gobridge */ = {isa = PBXFileReference; lastKnownFileType = folder; path = gobridge; sourceTree = "<group>"; };
		9A289E3326CCE02700FDECD8 /* c.m */ = {isa = PBXFileReference; fileEncoding = 4; lastKnownFileType = sourcecode.c.objc; path = c.m; sourceTree = "<group>"; };
		9A289E3626CCE04100FDECD8 /* c.h */ = {isa = PBXFileReference; lastKnownFileType = sourcecode.c.h; path = c.h; sourceTree = "<group>"; };
		9A289E3726CCE07F00FDECD8 /* app.h */ = {isa = PBXFileReference; fileEncoding = 4; lastKnownFileType = sourcecode.c.h; path = app.h; sourceTree = "<group>"; };
		9A289E3826CCE07F00FDECD8 /* app.m */ = {isa = PBXFileReference; fileEncoding = 4; lastKnownFileType = sourcecode.c.objc; path = app.m; sourceTree = "<group>"; };
		9AB3453826CA6905008B5DB2 /* wnd.m */ = {isa = PBXFileReference; lastKnownFileType = sourcecode.c.objc; path = wnd.m; sourceTree = "<group>"; };
		9AB3453A26CA9E5F008B5DB2 /* vc.h */ = {isa = PBXFileReference; lastKnownFileType = sourcecode.c.h; path = vc.h; sourceTree = "<group>"; };
		9AB3453B26CA9E9F008B5DB2 /* vc.m */ = {isa = PBXFileReference; lastKnownFileType = sourcecode.c.objc; path = vc.m; sourceTree = "<group>"; };
		9AB3453D26CA9F32008B5DB2 /* view.h */ = {isa = PBXFileReference; lastKnownFileType = sourcecode.c.h; path = view.h; sourceTree = "<group>"; };
		9AB3453E26CA9F79008B5DB2 /* view.m */ = {isa = PBXFileReference; lastKnownFileType = sourcecode.c.objc; path = view.m; sourceTree = "<group>"; };
		9AC8756426C919CB00A99070 /* launcher.app */ = {isa = PBXFileReference; explicitFileType = wrapper.application; includeInIndex = 0; path = launcher.app; sourceTree = BUILT_PRODUCTS_DIR; };
		9AC8756726C919CC00A99070 /* _AppDelegate.h_ */ = {isa = PBXFileReference; lastKnownFileType = text; path = _AppDelegate.h_; sourceTree = "<group>"; };
		9AC8756826C919CC00A99070 /* _AppDelegate.m_ */ = {isa = PBXFileReference; lastKnownFileType = text; path = _AppDelegate.m_; sourceTree = "<group>"; };
		9AC8756A26C919D400A99070 /* Assets.xcassets */ = {isa = PBXFileReference; lastKnownFileType = folder.assetcatalog; path = Assets.xcassets; sourceTree = "<group>"; };
		9AC8756D26C919D400A99070 /* Base */ = {isa = PBXFileReference; lastKnownFileType = file.xib; name = Base; path = Base.lproj/MainMenu.xib; sourceTree = "<group>"; };
		9AC8756F26C919D400A99070 /* Info.plist */ = {isa = PBXFileReference; lastKnownFileType = text.plist.xml; path = Info.plist; sourceTree = "<group>"; };
		9AC8757026C919D400A99070 /* main.m */ = {isa = PBXFileReference; lastKnownFileType = sourcecode.c.objc; path = main.m; sourceTree = "<group>"; };
		9AC8757226C919D400A99070 /* launcher.entitlements */ = {isa = PBXFileReference; lastKnownFileType = text.plist.entitlements; path = launcher.entitlements; sourceTree = "<group>"; };
		9AC8757726C919D400A99070 /* launcherTests.xctest */ = {isa = PBXFileReference; explicitFileType = wrapper.cfbundle; includeInIndex = 0; path = launcherTests.xctest; sourceTree = BUILT_PRODUCTS_DIR; };
		9AC8757B26C919D400A99070 /* launcherTests.m */ = {isa = PBXFileReference; lastKnownFileType = sourcecode.c.objc; path = launcherTests.m; sourceTree = "<group>"; };
		9AC8757D26C919D400A99070 /* Info.plist */ = {isa = PBXFileReference; lastKnownFileType = text.plist.xml; path = Info.plist; sourceTree = "<group>"; };
		9AC8758226C919D400A99070 /* launcherUITests.xctest */ = {isa = PBXFileReference; explicitFileType = wrapper.cfbundle; includeInIndex = 0; path = launcherUITests.xctest; sourceTree = BUILT_PRODUCTS_DIR; };
		9AC8758626C919D400A99070 /* launcherUITests.m */ = {isa = PBXFileReference; lastKnownFileType = sourcecode.c.objc; path = launcherUITests.m; sourceTree = "<group>"; };
		9AC8758826C919D400A99070 /* Info.plist */ = {isa = PBXFileReference; lastKnownFileType = text.plist.xml; path = Info.plist; sourceTree = "<group>"; };
/* End PBXFileReference section */

/* Begin PBXFrameworksBuildPhase section */
		9AC8756126C919CB00A99070 /* Frameworks */ = {
			isa = PBXFrameworksBuildPhase;
			buildActionMask = 2147483647;
			files = (
				9A098D9F26CDC20200DE93D0 /* fff.dylib in Frameworks */,
			);
			runOnlyForDeploymentPostprocessing = 0;
		};
		9AC8757426C919D400A99070 /* Frameworks */ = {
			isa = PBXFrameworksBuildPhase;
			buildActionMask = 2147483647;
			files = (
			);
			runOnlyForDeploymentPostprocessing = 0;
		};
		9AC8757F26C919D400A99070 /* Frameworks */ = {
			isa = PBXFrameworksBuildPhase;
			buildActionMask = 2147483647;
			files = (
			);
			runOnlyForDeploymentPostprocessing = 0;
		};
/* End PBXFrameworksBuildPhase section */

/* Begin PBXGroup section */
		9A098D6426CD499400DE93D0 /* Frameworks */ = {
			isa = PBXGroup;
			children = (
				9A098D9E26CDC20200DE93D0 /* fff.dylib */,
			);
			name = Frameworks;
			sourceTree = "<group>";
		};
		9A098D8F26CD517B00DE93D0 /* Products */ = {
			isa = PBXGroup;
			children = (
				9A098D9426CD517D00DE93D0 /* gogogo.framework */,
				9A098D9626CD517D00DE93D0 /* gogogoTests.xctest */,
			);
			name = Products;
			sourceTree = "<group>";
		};
		9AC8755B26C919CB00A99070 = {
			isa = PBXGroup;
			children = (
				9A098DA426CE2E0100DE93D0 /* gobridge */,
				9A098D8E26CD517B00DE93D0 /* gogogo.xcodeproj */,
				9AC8756626C919CB00A99070 /* launcher */,
				9AC8757A26C919D400A99070 /* launcherTests */,
				9AC8758526C919D400A99070 /* launcherUITests */,
				9AC8756526C919CB00A99070 /* Products */,
				9A098D6426CD499400DE93D0 /* Frameworks */,
			);
			sourceTree = "<group>";
		};
		9AC8756526C919CB00A99070 /* Products */ = {
			isa = PBXGroup;
			children = (
				9AC8756426C919CB00A99070 /* launcher.app */,
				9AC8757726C919D400A99070 /* launcherTests.xctest */,
				9AC8758226C919D400A99070 /* launcherUITests.xctest */,
			);
			name = Products;
			sourceTree = "<group>";
		};
		9AC8756626C919CB00A99070 /* launcher */ = {
			isa = PBXGroup;
			children = (
				9AC8756726C919CC00A99070 /* _AppDelegate.h_ */,
				9AC8756826C919CC00A99070 /* _AppDelegate.m_ */,
				9A289E3726CCE07F00FDECD8 /* app.h */,
				9A289E3826CCE07F00FDECD8 /* app.m */,
				9A289E3626CCE04100FDECD8 /* c.h */,
				9A289E3326CCE02700FDECD8 /* c.m */,
				9AC8756A26C919D400A99070 /* Assets.xcassets */,
				9AC8756C26C919D400A99070 /* MainMenu.xib */,
				9AC8756F26C919D400A99070 /* Info.plist */,
				9AC8757026C919D400A99070 /* main.m */,
				9AC8757226C919D400A99070 /* launcher.entitlements */,
				9AB3453826CA6905008B5DB2 /* wnd.m */,
				9AB3453A26CA9E5F008B5DB2 /* vc.h */,
				9AB3453B26CA9E9F008B5DB2 /* vc.m */,
				9AB3453D26CA9F32008B5DB2 /* view.h */,
				9AB3453E26CA9F79008B5DB2 /* view.m */,
			);
			path = launcher;
			sourceTree = "<group>";
		};
		9AC8757A26C919D400A99070 /* launcherTests */ = {
			isa = PBXGroup;
			children = (
				9AC8757B26C919D400A99070 /* launcherTests.m */,
				9AC8757D26C919D400A99070 /* Info.plist */,
			);
			path = launcherTests;
			sourceTree = "<group>";
		};
		9AC8758526C919D400A99070 /* launcherUITests */ = {
			isa = PBXGroup;
			children = (
				9AC8758626C919D400A99070 /* launcherUITests.m */,
				9AC8758826C919D400A99070 /* Info.plist */,
			);
			path = launcherUITests;
			sourceTree = "<group>";
		};
/* End PBXGroup section */

/* Begin PBXNativeTarget section */
		9AC8756326C919CB00A99070 /* launcher */ = {
			isa = PBXNativeTarget;
			buildConfigurationList = 9AC8758B26C919D400A99070 /* Build configuration list for PBXNativeTarget "launcher" */;
			buildPhases = (
				9AC8756026C919CB00A99070 /* Sources */,
				9AC8756126C919CB00A99070 /* Frameworks */,
				9AC8756226C919CB00A99070 /* Resources */,
				9A098D6826CD4C7000DE93D0 /* Embed Libraries */,
			);
			buildRules = (
			);
			dependencies = (
			);
			name = launcher;
			productName = launcher;
			productReference = 9AC8756426C919CB00A99070 /* launcher.app */;
			productType = "com.apple.product-type.application";
		};
		9AC8757626C919D400A99070 /* launcherTests */ = {
			isa = PBXNativeTarget;
			buildConfigurationList = 9AC8758E26C919D400A99070 /* Build configuration list for PBXNativeTarget "launcherTests" */;
			buildPhases = (
				9AC8757326C919D400A99070 /* Sources */,
				9AC8757426C919D400A99070 /* Frameworks */,
				9AC8757526C919D400A99070 /* Resources */,
			);
			buildRules = (
			);
			dependencies = (
				9AC8757926C919D400A99070 /* PBXTargetDependency */,
			);
			name = launcherTests;
			productName = launcherTests;
			productReference = 9AC8757726C919D400A99070 /* launcherTests.xctest */;
			productType = "com.apple.product-type.bundle.unit-test";
		};
		9AC8758126C919D400A99070 /* launcherUITests */ = {
			isa = PBXNativeTarget;
			buildConfigurationList = 9AC8759126C919D400A99070 /* Build configuration list for PBXNativeTarget "launcherUITests" */;
			buildPhases = (
				9AC8757E26C919D400A99070 /* Sources */,
				9AC8757F26C919D400A99070 /* Frameworks */,
				9AC8758026C919D400A99070 /* Resources */,
			);
			buildRules = (
			);
			dependencies = (
				9AC8758426C919D400A99070 /* PBXTargetDependency */,
			);
			name = launcherUITests;
			productName = launcherUITests;
			productReference = 9AC8758226C919D400A99070 /* launcherUITests.xctest */;
			productType = "com.apple.product-type.bundle.ui-testing";
		};
/* End PBXNativeTarget section */

/* Begin PBXProject section */
		9AC8755C26C919CB00A99070 /* Project object */ = {
			isa = PBXProject;
			attributes = {
				LastUpgradeCheck = 1130;
				ORGANIZATIONNAME = "mac mini";
				TargetAttributes = {
					9AC8756326C919CB00A99070 = {
						CreatedOnToolsVersion = 11.3.1;
					};
					9AC8757626C919D400A99070 = {
						CreatedOnToolsVersion = 11.3.1;
						TestTargetID = 9AC8756326C919CB00A99070;
					};
					9AC8758126C919D400A99070 = {
						CreatedOnToolsVersion = 11.3.1;
						TestTargetID = 9AC8756326C919CB00A99070;
					};
				};
			};
			buildConfigurationList = 9AC8755F26C919CB00A99070 /* Build configuration list for PBXProject "launcher" */;
			compatibilityVersion = "Xcode 9.3";
			developmentRegion = en;
			hasScannedForEncodings = 0;
			knownRegions = (
				en,
				Base,
			);
			mainGroup = 9AC8755B26C919CB00A99070;
			productRefGroup = 9AC8756526C919CB00A99070 /* Products */;
			projectDirPath = "";
			projectReferences = (
				{
					ProductGroup = 9A098D8F26CD517B00DE93D0 /* Products */;
					ProjectRef = 9A098D8E26CD517B00DE93D0 /* gogogo.xcodeproj */;
				},
			);
			projectRoot = "";
			targets = (
				9AC8756326C919CB00A99070 /* launcher */,
				9AC8757626C919D400A99070 /* launcherTests */,
				9AC8758126C919D400A99070 /* launcherUITests */,
			);
		};
/* End PBXProject section */

/* Begin PBXReferenceProxy section */
		9A098D9426CD517D00DE93D0 /* gogogo.framework */ = {
			isa = PBXReferenceProxy;
			fileType = wrapper.framework;
			path = gogogo.framework;
			remoteRef = 9A098D9326CD517D00DE93D0 /* PBXContainerItemProxy */;
			sourceTree = BUILT_PRODUCTS_DIR;
		};
		9A098D9626CD517D00DE93D0 /* gogogoTests.xctest */ = {
			isa = PBXReferenceProxy;
			fileType = wrapper.cfbundle;
			path = gogogoTests.xctest;
			remoteRef = 9A098D9526CD517D00DE93D0 /* PBXContainerItemProxy */;
			sourceTree = BUILT_PRODUCTS_DIR;
		};
/* End PBXReferenceProxy section */

/* Begin PBXResourcesBuildPhase section */
		9AC8756226C919CB00A99070 /* Resources */ = {
			isa = PBXResourcesBuildPhase;
			buildActionMask = 2147483647;
			files = (
				9AC8756B26C919D400A99070 /* Assets.xcassets in Resources */,
				9A098DA526CE2E0100DE93D0 /* gobridge in Resources */,
				9AC8756E26C919D400A99070 /* MainMenu.xib in Resources */,
			);
			runOnlyForDeploymentPostprocessing = 0;
		};
		9AC8757526C919D400A99070 /* Resources */ = {
			isa = PBXResourcesBuildPhase;
			buildActionMask = 2147483647;
			files = (
			);
			runOnlyForDeploymentPostprocessing = 0;
		};
		9AC8758026C919D400A99070 /* Resources */ = {
			isa = PBXResourcesBuildPhase;
			buildActionMask = 2147483647;
			files = (
			);
			runOnlyForDeploymentPostprocessing = 0;
		};
/* End PBXResourcesBuildPhase section */

/* Begin PBXSourcesBuildPhase section */
		9AC8756026C919CB00A99070 /* Sources */ = {
			isa = PBXSourcesBuildPhase;
			buildActionMask = 2147483647;
			files = (
				9A289E3526CCE02700FDECD8 /* c.m in Sources */,
				9AB3453C26CA9E9F008B5DB2 /* vc.m in Sources */,
				9AB3453F26CA9F79008B5DB2 /* view.m in Sources */,
				9AB3453926CA6905008B5DB2 /* wnd.m in Sources */,
				9A289E3926CCE07F00FDECD8 /* app.m in Sources */,
				9AC8757126C919D400A99070 /* main.m in Sources */,
			);
			runOnlyForDeploymentPostprocessing = 0;
		};
		9AC8757326C919D400A99070 /* Sources */ = {
			isa = PBXSourcesBuildPhase;
			buildActionMask = 2147483647;
			files = (
				9AC8757C26C919D400A99070 /* launcherTests.m in Sources */,
			);
			runOnlyForDeploymentPostprocessing = 0;
		};
		9AC8757E26C919D400A99070 /* Sources */ = {
			isa = PBXSourcesBuildPhase;
			buildActionMask = 2147483647;
			files = (
				9AC8758726C919D400A99070 /* launcherUITests.m in Sources */,
			);
			runOnlyForDeploymentPostprocessing = 0;
		};
/* End PBXSourcesBuildPhase section */

/* Begin PBXTargetDependency section */
		9AC8757926C919D400A99070 /* PBXTargetDependency */ = {
			isa = PBXTargetDependency;
			target = 9AC8756326C919CB00A99070 /* launcher */;
			targetProxy = 9AC8757826C919D400A99070 /* PBXContainerItemProxy */;
		};
		9AC8758426C919D400A99070 /* PBXTargetDependency */ = {
			isa = PBXTargetDependency;
			target = 9AC8756326C919CB00A99070 /* launcher */;
			targetProxy = 9AC8758326C919D400A99070 /* PBXContainerItemProxy */;
		};
/* End PBXTargetDependency section */

/* Begin PBXVariantGroup section */
		9AC8756C26C919D400A99070 /* MainMenu.xib */ = {
			isa = PBXVariantGroup;
			children = (
				9AC8756D26C919D400A99070 /* Base */,
			);
			name = MainMenu.xib;
			sourceTree = "<group>";
		};
/* End PBXVariantGroup section */

/* Begin XCBuildConfiguration section */
		9AC8758926C919D400A99070 /* Debug */ = {
			isa = XCBuildConfiguration;
			buildSettings = {
				ALWAYS_SEARCH_USER_PATHS = NO;
				CLANG_ANALYZER_NONNULL = YES;
				CLANG_ANALYZER_NUMBER_OBJECT_CONVERSION = YES_AGGRESSIVE;
				CLANG_CXX_LANGUAGE_STANDARD = "gnu++14";
				CLANG_CXX_LIBRARY = "libc++";
				CLANG_ENABLE_MODULES = YES;
				CLANG_ENABLE_OBJC_ARC = NO;
				CLANG_ENABLE_OBJC_WEAK = YES;
				CLANG_WARN_BLOCK_CAPTURE_AUTORELEASING = YES;
				CLANG_WARN_BOOL_CONVERSION = YES;
				CLANG_WARN_COMMA = YES;
				CLANG_WARN_CONSTANT_CONVERSION = YES;
				CLANG_WARN_DEPRECATED_OBJC_IMPLEMENTATIONS = YES;
				CLANG_WARN_DIRECT_OBJC_ISA_USAGE = YES_ERROR;
				CLANG_WARN_DOCUMENTATION_COMMENTS = YES;
				CLANG_WARN_EMPTY_BODY = YES;
				CLANG_WARN_ENUM_CONVERSION = YES;
				CLANG_WARN_INFINITE_RECURSION = YES;
				CLANG_WARN_INT_CONVERSION = YES;
				CLANG_WARN_NON_LITERAL_NULL_CONVERSION = YES;
				CLANG_WARN_OBJC_IMPLICIT_RETAIN_SELF = YES;
				CLANG_WARN_OBJC_LITERAL_CONVERSION = YES;
				CLANG_WARN_OBJC_ROOT_CLASS = YES_ERROR;
				CLANG_WARN_RANGE_LOOP_ANALYSIS = YES;
				CLANG_WARN_STRICT_PROTOTYPES = YES;
				CLANG_WARN_SUSPICIOUS_MOVE = YES;
				CLANG_WARN_UNGUARDED_AVAILABILITY = YES_AGGRESSIVE;
				CLANG_WARN_UNREACHABLE_CODE = YES;
				CLANG_WARN__DUPLICATE_METHOD_MATCH = YES;
				COPY_PHASE_STRIP = NO;
				DEBUG_INFORMATION_FORMAT = dwarf;
				ENABLE_STRICT_OBJC_MSGSEND = YES;
				ENABLE_TESTABILITY = NO;
				GCC_C_LANGUAGE_STANDARD = gnu11;
				GCC_DYNAMIC_NO_PIC = NO;
				GCC_NO_COMMON_BLOCKS = YES;
				GCC_OPTIMIZATION_LEVEL = 0;
				GCC_PREPROCESSOR_DEFINITIONS = (
					"DEBUG=1",
					"$(inherited)",
				);
				GCC_WARN_64_TO_32_BIT_CONVERSION = YES;
				GCC_WARN_ABOUT_RETURN_TYPE = YES_ERROR;
				GCC_WARN_UNDECLARED_SELECTOR = YES;
				GCC_WARN_UNINITIALIZED_AUTOS = YES_AGGRESSIVE;
				GCC_WARN_UNUSED_FUNCTION = YES;
				GCC_WARN_UNUSED_VARIABLE = YES;
				MACOSX_DEPLOYMENT_TARGET = 10.14;
				MTL_ENABLE_DEBUG_INFO = INCLUDE_SOURCE;
				MTL_FAST_MATH = YES;
				ONLY_ACTIVE_ARCH = NO;
				SDKROOT = macosx;
			};
			name = Debug;
		};
		9AC8758A26C919D400A99070 /* Release */ = {
			isa = XCBuildConfiguration;
			buildSettings = {
				ALWAYS_SEARCH_USER_PATHS = NO;
				CLANG_ANALYZER_NONNULL = YES;
				CLANG_ANALYZER_NUMBER_OBJECT_CONVERSION = YES_AGGRESSIVE;
				CLANG_CXX_LANGUAGE_STANDARD = "gnu++14";
				CLANG_CXX_LIBRARY = "libc++";
				CLANG_ENABLE_MODULES = YES;
				CLANG_ENABLE_OBJC_ARC = NO;
				CLANG_ENABLE_OBJC_WEAK = YES;
				CLANG_WARN_BLOCK_CAPTURE_AUTORELEASING = YES;
				CLANG_WARN_BOOL_CONVERSION = YES;
				CLANG_WARN_COMMA = YES;
				CLANG_WARN_CONSTANT_CONVERSION = YES;
				CLANG_WARN_DEPRECATED_OBJC_IMPLEMENTATIONS = YES;
				CLANG_WARN_DIRECT_OBJC_ISA_USAGE = YES_ERROR;
				CLANG_WARN_DOCUMENTATION_COMMENTS = YES;
				CLANG_WARN_EMPTY_BODY = YES;
				CLANG_WARN_ENUM_CONVERSION = YES;
				CLANG_WARN_INFINITE_RECURSION = YES;
				CLANG_WARN_INT_CONVERSION = YES;
				CLANG_WARN_NON_LITERAL_NULL_CONVERSION = YES;
				CLANG_WARN_OBJC_IMPLICIT_RETAIN_SELF = YES;
				CLANG_WARN_OBJC_LITERAL_CONVERSION = YES;
				CLANG_WARN_OBJC_ROOT_CLASS = YES_ERROR;
				CLANG_WARN_RANGE_LOOP_ANALYSIS = YES;
				CLANG_WARN_STRICT_PROTOTYPES = YES;
				CLANG_WARN_SUSPICIOUS_MOVE = YES;
				CLANG_WARN_UNGUARDED_AVAILABILITY = YES_AGGRESSIVE;
				CLANG_WARN_UNREACHABLE_CODE = YES;
				CLANG_WARN__DUPLICATE_METHOD_MATCH = YES;
				COPY_PHASE_STRIP = NO;
				DEBUG_INFORMATION_FORMAT = "dwarf-with-dsym";
				ENABLE_NS_ASSERTIONS = NO;
				ENABLE_STRICT_OBJC_MSGSEND = YES;
				GCC_C_LANGUAGE_STANDARD = gnu11;
				GCC_NO_COMMON_BLOCKS = YES;
				GCC_WARN_64_TO_32_BIT_CONVERSION = YES;
				GCC_WARN_ABOUT_RETURN_TYPE = YES_ERROR;
				GCC_WARN_UNDECLARED_SELECTOR = YES;
				GCC_WARN_UNINITIALIZED_AUTOS = YES_AGGRESSIVE;
				GCC_WARN_UNUSED_FUNCTION = YES;
				GCC_WARN_UNUSED_VARIABLE = YES;
				MACOSX_DEPLOYMENT_TARGET = 10.14;
				MTL_ENABLE_DEBUG_INFO = NO;
				MTL_FAST_MATH = YES;
				ONLY_ACTIVE_ARCH = YES;
				SDKROOT = macosx;
			};
			name = Release;
		};
		9AC8758C26C919D400A99070 /* Debug */ = {
			isa = XCBuildConfiguration;
			buildSettings = {
				ASSETCATALOG_COMPILER_APPICON_NAME = AppIcon;
				CODE_SIGN_ENTITLEMENTS = launcher/launcher.entitlements;
				CODE_SIGN_IDENTITY = "-";
				CODE_SIGN_STYLE = Automatic;
				COMBINE_HIDPI_IMAGES = YES;
				DEVELOPMENT_TEAM = N66PUCPZAN;
				INFOPLIST_FILE = launcher/Info.plist;
				LD_RUNPATH_SEARCH_PATHS = (
					"$(inherited)",
					"@executable_path/../Frameworks",
				);
				LIBRARY_SEARCH_PATHS = (
					"$(inherited)",
					"$(PROJECT_DIR)/launcher",
				);
				PRODUCT_BUNDLE_IDENTIFIER = com.mysterium.launcher;
				PRODUCT_NAME = "$(TARGET_NAME)";
			};
			name = Debug;
		};
		9AC8758D26C919D400A99070 /* Release */ = {
			isa = XCBuildConfiguration;
			buildSettings = {
				ASSETCATALOG_COMPILER_APPICON_NAME = AppIcon;
				CODE_SIGN_ENTITLEMENTS = launcher/launcher.entitlements;
				CODE_SIGN_IDENTITY = "-";
				CODE_SIGN_STYLE = Automatic;
				COMBINE_HIDPI_IMAGES = YES;
				DEVELOPMENT_TEAM = N66PUCPZAN;
				INFOPLIST_FILE = launcher/Info.plist;
				LD_RUNPATH_SEARCH_PATHS = (
					"$(inherited)",
					"@executable_path/../Frameworks",
				);
				LIBRARY_SEARCH_PATHS = (
					"$(inherited)",
					"$(PROJECT_DIR)/launcher",
				);
				PRODUCT_BUNDLE_IDENTIFIER = com.mysterium.launcher;
				PRODUCT_NAME = "$(TARGET_NAME)";
			};
			name = Release;
		};
		9AC8758F26C919D400A99070 /* Debug */ = {
			isa = XCBuildConfiguration;
			buildSettings = {
				BUNDLE_LOADER = "$(TEST_HOST)";
				CODE_SIGN_STYLE = Automatic;
				COMBINE_HIDPI_IMAGES = YES;
				INFOPLIST_FILE = launcherTests/Info.plist;
				LD_RUNPATH_SEARCH_PATHS = (
					"$(inherited)",
					"@executable_path/../Frameworks",
					"@loader_path/../Frameworks",
				);
				MACOSX_DEPLOYMENT_TARGET = 10.14;
				PRODUCT_BUNDLE_IDENTIFIER = com.mysterium.launcherTests;
				PRODUCT_NAME = "$(TARGET_NAME)";
				TEST_HOST = "$(BUILT_PRODUCTS_DIR)/launcher.app/Contents/MacOS/launcher";
			};
			name = Debug;
		};
		9AC8759026C919D400A99070 /* Release */ = {
			isa = XCBuildConfiguration;
			buildSettings = {
				BUNDLE_LOADER = "$(TEST_HOST)";
				CODE_SIGN_STYLE = Automatic;
				COMBINE_HIDPI_IMAGES = YES;
				INFOPLIST_FILE = launcherTests/Info.plist;
				LD_RUNPATH_SEARCH_PATHS = (
					"$(inherited)",
					"@executable_path/../Frameworks",
					"@loader_path/../Frameworks",
				);
				MACOSX_DEPLOYMENT_TARGET = 10.14;
				PRODUCT_BUNDLE_IDENTIFIER = com.mysterium.launcherTests;
				PRODUCT_NAME = "$(TARGET_NAME)";
				TEST_HOST = "$(BUILT_PRODUCTS_DIR)/launcher.app/Contents/MacOS/launcher";
			};
			name = Release;
		};
		9AC8759226C919D400A99070 /* Debug */ = {
			isa = XCBuildConfiguration;
			buildSettings = {
				CODE_SIGN_STYLE = Automatic;
				COMBINE_HIDPI_IMAGES = YES;
				INFOPLIST_FILE = launcherUITests/Info.plist;
				LD_RUNPATH_SEARCH_PATHS = (
					"$(inherited)",
					"@executable_path/../Frameworks",
					"@loader_path/../Frameworks",
				);
				PRODUCT_BUNDLE_IDENTIFIER = com.mysterium.launcherUITests;
				PRODUCT_NAME = "$(TARGET_NAME)";
				TEST_TARGET_NAME = launcher;
			};
			name = Debug;
		};
		9AC8759326C919D400A99070 /* Release */ = {
			isa = XCBuildConfiguration;
			buildSettings = {
				CODE_SIGN_STYLE = Automatic;
				COMBINE_HIDPI_IMAGES = YES;
				INFOPLIST_FILE = launcherUITests/Info.plist;
				LD_RUNPATH_SEARCH_PATHS = (
					"$(inherited)",
					"@executable_path/../Frameworks",
					"@loader_path/../Frameworks",
				);
				PRODUCT_BUNDLE_IDENTIFIER = com.mysterium.launcherUITests;
				PRODUCT_NAME = "$(TARGET_NAME)";
				TEST_TARGET_NAME = launcher;
			};
			name = Release;
		};
/* End XCBuildConfiguration section */

/* Begin XCConfigurationList section */
		9AC8755F26C919CB00A99070 /* Build configuration list for PBXProject "launcher" */ = {
			isa = XCConfigurationList;
			buildConfigurations = (
				9AC8758926C919D400A99070 /* Debug */,
				9AC8758A26C919D400A99070 /* Release */,
			);
			defaultConfigurationIsVisible = 0;
			defaultConfigurationName = Release;
		};
		9AC8758B26C919D400A99070 /* Build configuration list for PBXNativeTarget "launcher" */ = {
			isa = XCConfigurationList;
			buildConfigurations = (
				9AC8758C26C919D400A99070 /* Debug */,
				9AC8758D26C919D400A99070 /* Release */,
			);
			defaultConfigurationIsVisible = 0;
			defaultConfigurationName = Release;
		};
		9AC8758E26C919D400A99070 /* Build configuration list for PBXNativeTarget "launcherTests" */ = {
			isa = XCConfigurationList;
			buildConfigurations = (
				9AC8758F26C919D400A99070 /* Debug */,
				9AC8759026C919D400A99070 /* Release */,
			);
			defaultConfigurationIsVisible = 0;
			defaultConfigurationName = Release;
		};
		9AC8759126C919D400A99070 /* Build configuration list for PBXNativeTarget "launcherUITests" */ = {
			isa = XCConfigurationList;
			buildConfigurations = (
				9AC8759226C919D400A99070 /* Debug */,
				9AC8759326C919D400A99070 /* Release */,
			);
			defaultConfigurationIsVisible = 0;
			defaultConfigurationName = Release;
		};
/* End XCConfigurationList section */
	};
	rootObject = 9AC8755C26C919CB00A99070 /* Project object */;
}
